
Microsoft Visual Studio Solution File, Format Version 12.00
# Visual Studio Version 16
VisualStudioVersion = 16.0.31624.102
MinimumVisualStudioVersion = 10.0.40219.1
Project("{FAE04EC0-301F-11D3-BF4B-00C04F79EFBC}") = "HelloWorld", "HelloWorld\HelloWorld.csproj", "{BC958EA2-5DDF-4421-802C-CDA6CE09DCAD}"
EndProject
Global
	GlobalSection(SolutionConfigurationPlatforms) = preSolution
		Debug|Any CPU = Debug|Any CPU
		Release|Any CPU = Release|Any CPU
	EndGlobalSection
	GlobalSection(ProjectConfigurationPlatforms) = postSolution
		{BC958EA2-5DDF-4421-802C-CDA6CE09DCAD}.Debug|Any CPU.ActiveCfg = Debug|Any CPU
		{BC958EA2-5DDF-4421-802C-CDA6CE09DCAD}.Debug|Any CPU.Build.0 = Debug|Any CPU
		{BC958EA2-5DDF-4421-802C-CDA6CE09DCAD}.Release|Any CPU.ActiveCfg = Release|Any CPU
		{BC958EA2-5DDF-4421-802C-CDA6CE09DCAD}.Release|Any CPU.Build.0 = Release|Any CPU
	EndGlobalSection
	GlobalSection(SolutionProperties) = preSolution
		HideSolutionNode = FALSE
	EndGlobalSection
	GlobalSection(ExtensibilityGlobals) = postSolution
		SolutionGuid = {4D608163-21F6-4E4A-957D-A02CD704EC33}
	EndGlobalSection
EndGlobal
